
Microsoft Visual Studio Solution File, Format Version 12.00
# Visual Studio Version 17
VisualStudioVersion = 17.11.35327.3
MinimumVisualStudioVersion = 10.0.40219.1
Project("{FAE04EC0-301F-11D3-BF4B-00C04F79EFBC}") = "NeuralNetworkProject", "NeuralNetworkProject.csproj", "{74055E77-CAC4-4DE4-BEC1-AE44939A2237}"
EndProject
Global
	GlobalSection(SolutionConfigurationPlatforms) = preSolution
		Debug|Any CPU = Debug|Any CPU
		Release|Any CPU = Release|Any CPU
	EndGlobalSection
	GlobalSection(ProjectConfigurationPlatforms) = postSolution
		{74055E77-CAC4-4DE4-BEC1-AE44939A2237}.Debug|Any CPU.ActiveCfg = Debug|Any CPU
		{74055E77-CAC4-4DE4-BEC1-AE44939A2237}.Debug|Any CPU.Build.0 = Debug|Any CPU
		{74055E77-CAC4-4DE4-BEC1-AE44939A2237}.Release|Any CPU.ActiveCfg = Release|Any CPU
		{74055E77-CAC4-4DE4-BEC1-AE44939A2237}.Release|Any CPU.Build.0 = Release|Any CPU
	EndGlobalSection
	GlobalSection(SolutionProperties) = preSolution
		HideSolutionNode = FALSE
	EndGlobalSection
	GlobalSection(ExtensibilityGlobals) = postSolution
		SolutionGuid = {E0A20DED-0782-4992-88DB-860715B6D8F2}
	EndGlobalSection
EndGlobal
